
Microsoft Visual Studio Solution File, Format Version 12.00
# Visual Studio Version 16
VisualStudioVersion = 16.0.32413.511
MinimumVisualStudioVersion = 10.0.40219.1
Project("{FAE04EC0-301F-11D3-BF4B-00C04F79EFBC}") = "Project1", "Project1\Project1.csproj", "{86AEFF59-DCC0-406B-93AA-A6B8CEE969F4}"
EndProject
Global
	GlobalSection(SolutionConfigurationPlatforms) = preSolution
		Debug|Any CPU = Debug|Any CPU
		Release|Any CPU = Release|Any CPU
	EndGlobalSection
	GlobalSection(ProjectConfigurationPlatforms) = postSolution
		{86AEFF59-DCC0-406B-93AA-A6B8CEE969F4}.Debug|Any CPU.ActiveCfg = Debug|Any CPU
		{86AEFF59-DCC0-406B-93AA-A6B8CEE969F4}.Debug|Any CPU.Build.0 = Debug|Any CPU
		{86AEFF59-DCC0-406B-93AA-A6B8CEE969F4}.Release|Any CPU.ActiveCfg = Release|Any CPU
		{86AEFF59-DCC0-406B-93AA-A6B8CEE969F4}.Release|Any CPU.Build.0 = Release|Any CPU
	EndGlobalSection
	GlobalSection(SolutionProperties) = preSolution
		HideSolutionNode = FALSE
	EndGlobalSection
	GlobalSection(ExtensibilityGlobals) = postSolution
		SolutionGuid = {C379F1D3-51BB-4788-80ED-D65B0AA613DA}
	EndGlobalSection
EndGlobal
